{
  "name": "types-twine-api",
  "version": "1.0.0",
  "lockfileVersion": 1,
  "requires": true,
  "dependencies": {
    "@types/hapi__boom": {
      "version": "7.4.1",
      "resolved": "https://registry.npmjs.org/@types/hapi__boom/-/hapi__boom-7.4.1.tgz",
      "integrity": "sha512-x/ZK824GomII7Yoei/nMoB46NQcSfGe0iVpZK3uUivxIAfUUSzRvu8RQO7ZkKapIgzgshHZc+GR+z/BQ8l2VLg=="
    },
    "@types/hapi__catbox": {
      "version": "10.2.2",
      "resolved": "https://registry.npmjs.org/@types/hapi__catbox/-/hapi__catbox-10.2.2.tgz",
      "integrity": "sha512-AWK70LgRsRWL1TNw+aT0IlS56E0pobvFdr/en0K8XazyK4Ey6T/jXhQqv/iQ6FJAAU+somMzgmt9fWq2TaaOkA=="
    },
    "@types/hapi__hapi": {
      "version": "18.2.5",
      "resolved": "https://registry.npmjs.org/@types/hapi__hapi/-/hapi__hapi-18.2.5.tgz",
      "integrity": "sha512-hCAQVtE3OZCihJrn5SxQYmAkIdtE1BwAyvGkxwnPwP+IIe0MQxqbP2s0cwlAwimGOdDQ/ArH+7i6FGDKPlZhFQ==",
      "requires": {
        "@types/hapi__boom": "*",
        "@types/hapi__catbox": "*",
        "@types/hapi__iron": "*",
        "@types/hapi__joi": "*",
        "@types/hapi__mimos": "*",
        "@types/hapi__podium": "*",
        "@types/hapi__shot": "*",
        "@types/node": "*"
      }
    },
    "@types/hapi__iron": {
      "version": "5.1.0",
      "resolved": "https://registry.npmjs.org/@types/hapi__iron/-/hapi__iron-5.1.0.tgz",
      "integrity": "sha512-RxYHIc8wFe8M1jMwgovskoHNVjuP1q0tUGCNnbHnhA4SBMyYg+JHIAz8yFibSwgF4gWYh5yHMpbmK5kmnG4HRA==",
      "requires": {
        "@types/node": "*"
      }
    },
    "@types/hapi__joi": {
      "version": "15.0.3",
      "resolved": "https://registry.npmjs.org/@types/hapi__joi/-/hapi__joi-15.0.3.tgz",
      "integrity": "sha512-kncvQstpAQSjQ+J+tL2oYerjOEepv+yJHKM/JD/NmFZyDcy3rYOBcMJhdHRDjBxuSZu3ipGECszhgtmug9VSuw==",
      "requires": {
        "@types/hapi__joi": "*"
      }
    },
    "@types/hapi__mimos": {
      "version": "4.1.0",
      "resolved": "https://registry.npmjs.org/@types/hapi__mimos/-/hapi__mimos-4.1.0.tgz",
      "integrity": "sha512-hcdSoYa32wcP+sEfyf85ieGwElwokcZ/mma8eyqQ4OTHeCAGwfaoiGxjG4z1Dm+RGhIYLHlW54ji5FFwahH12A==",
      "requires": {
        "@types/mime-db": "*"
      }
    },
    "@types/hapi__podium": {
      "version": "3.4.0",
      "resolved": "https://registry.npmjs.org/@types/hapi__podium/-/hapi__podium-3.4.0.tgz",
      "integrity": "sha512-LE85jLgqR5HscGQ7SaSz6FMRsKlQ1wHVbYc9u0yq7NKDRvZiQFIrr3Pl1RPzK7QNUdZP8zmJibe8q0JcafTAJQ=="
    },
    "@types/hapi__shot": {
      "version": "4.1.0",
      "resolved": "https://registry.npmjs.org/@types/hapi__shot/-/hapi__shot-4.1.0.tgz",
      "integrity": "sha512-vIySJYkwIGXMB5eFaZu3U8dS9CAZmteJfmkRn9bYH5uNcSvVgiwDROiwAkD7ej88qA+RZPkUK70KmeDs3LRHvw==",
      "requires": {
        "@types/node": "*"
      }
    },
    "@types/mime-db": {
      "version": "1.27.0",
      "resolved": "https://registry.npmjs.org/@types/mime-db/-/mime-db-1.27.0.tgz",
      "integrity": "sha1-m8AUof0f30dknBpUxt15ZrgoR5I="
    },
    "@types/node": {
      "version": "12.7.3",
      "resolved": "https://registry.npmjs.org/@types/node/-/node-12.7.3.tgz",
      "integrity": "sha512-3SiLAIBkDWDg6vFo0+5YJyHPWU9uwu40Qe+v+0MH8wRKYBimHvvAOyk3EzMrD/TrIlLYfXrqDqrg913PynrMJQ=="
    }
  }
}
